
Microsoft Visual Studio Solution File, Format Version 12.00
# Visual Studio 15
Project("{FAE04EC0-301F-11D3-BF4B-00C04F79EFBC}") = "New Unity Project (10)", "Assembly-CSharp.csproj", "{B51E2DF8-7D62-8B39-263E-39F439C6E4A9}"
EndProject
Global
	GlobalSection(SolutionConfigurationPlatforms) = preSolution
		Debug|Any CPU = Debug|Any CPU
		Release|Any CPU = Release|Any CPU
	EndGlobalSection
	GlobalSection(ProjectConfigurationPlatforms) = postSolution
		{B51E2DF8-7D62-8B39-263E-39F439C6E4A9}.Debug|Any CPU.ActiveCfg = Debug|Any CPU
		{B51E2DF8-7D62-8B39-263E-39F439C6E4A9}.Debug|Any CPU.Build.0 = Debug|Any CPU
		{B51E2DF8-7D62-8B39-263E-39F439C6E4A9}.Release|Any CPU.ActiveCfg = Release|Any CPU
		{B51E2DF8-7D62-8B39-263E-39F439C6E4A9}.Release|Any CPU.Build.0 = Release|Any CPU
	EndGlobalSection
	GlobalSection(SolutionProperties) = preSolution
		HideSolutionNode = FALSE
	EndGlobalSection
EndGlobal
